
Microsoft Visual Studio Solution File, Format Version 12.00
# Visual Studio Version 17
VisualStudioVersion = 17.7.34018.315
MinimumVisualStudioVersion = 10.0.40219.1
Project("{FAE04EC0-301F-11D3-BF4B-00C04F79EFBC}") = "LabS13 WF", "LabS13\LabS13 WF.csproj", "{B177C7F6-620F-4036-ABD2-26F395CC4777}"
EndProject
Project("{2150E333-8FDC-42A3-9474-1A3956D46DE8}") = "Presentation Layer", "Presentation Layer", "{D9510F99-C832-487A-A067-4AB3EA05EC0B}"
EndProject
Project("{2150E333-8FDC-42A3-9474-1A3956D46DE8}") = "Business Logic", "Business Logic", "{D666B505-5F44-45AC-A7C8-CFE50BD7EF06}"
EndProject
Project("{2150E333-8FDC-42A3-9474-1A3956D46DE8}") = "Data Access", "Data Access", "{C876CFA7-A1B5-4339-9475-0964800678F3}"
EndProject
Project("{2150E333-8FDC-42A3-9474-1A3956D46DE8}") = "Entities", "Entities", "{FE77C4DA-E750-48DE-B31A-55DEDE107959}"
EndProject
Project("{FAE04EC0-301F-11D3-BF4B-00C04F79EFBC}") = "LabS13 BL", "LabS13 BL\LabS13 BL.csproj", "{22245E3F-252B-45B8-B182-AAEAE5BBC43D}"
EndProject
Project("{FAE04EC0-301F-11D3-BF4B-00C04F79EFBC}") = "LabS13 DA", "LabS13 DA\LabS13 DA.csproj", "{E1D4675D-1C61-4D8F-BB8E-7C31D1B35F7C}"
EndProject
Project("{FAE04EC0-301F-11D3-BF4B-00C04F79EFBC}") = "LabS13 BE", "LabS13 BE\LabS13 BE.csproj", "{4904E4D5-E098-45CF-88A6-C8DF67E01B0C}"
EndProject
Project("{FAE04EC0-301F-11D3-BF4B-00C04F79EFBC}") = "LabS13 EF", "LabS13 EF\LabS13 EF.csproj", "{01D143AF-1826-41C4-ADAB-4D76A68F489C}"
EndProject
Global
	GlobalSection(SolutionConfigurationPlatforms) = preSolution
		Debug|Any CPU = Debug|Any CPU
		Release|Any CPU = Release|Any CPU
	EndGlobalSection
	GlobalSection(ProjectConfigurationPlatforms) = postSolution
		{B177C7F6-620F-4036-ABD2-26F395CC4777}.Debug|Any CPU.ActiveCfg = Debug|Any CPU
		{B177C7F6-620F-4036-ABD2-26F395CC4777}.Debug|Any CPU.Build.0 = Debug|Any CPU
		{B177C7F6-620F-4036-ABD2-26F395CC4777}.Release|Any CPU.ActiveCfg = Release|Any CPU
		{B177C7F6-620F-4036-ABD2-26F395CC4777}.Release|Any CPU.Build.0 = Release|Any CPU
		{22245E3F-252B-45B8-B182-AAEAE5BBC43D}.Debug|Any CPU.ActiveCfg = Debug|Any CPU
		{22245E3F-252B-45B8-B182-AAEAE5BBC43D}.Debug|Any CPU.Build.0 = Debug|Any CPU
		{22245E3F-252B-45B8-B182-AAEAE5BBC43D}.Release|Any CPU.ActiveCfg = Release|Any CPU
		{22245E3F-252B-45B8-B182-AAEAE5BBC43D}.Release|Any CPU.Build.0 = Release|Any CPU
		{E1D4675D-1C61-4D8F-BB8E-7C31D1B35F7C}.Debug|Any CPU.ActiveCfg = Debug|Any CPU
		{E1D4675D-1C61-4D8F-BB8E-7C31D1B35F7C}.Debug|Any CPU.Build.0 = Debug|Any CPU
		{E1D4675D-1C61-4D8F-BB8E-7C31D1B35F7C}.Release|Any CPU.ActiveCfg = Release|Any CPU
		{E1D4675D-1C61-4D8F-BB8E-7C31D1B35F7C}.Release|Any CPU.Build.0 = Release|Any CPU
		{4904E4D5-E098-45CF-88A6-C8DF67E01B0C}.Debug|Any CPU.ActiveCfg = Debug|Any CPU
		{4904E4D5-E098-45CF-88A6-C8DF67E01B0C}.Debug|Any CPU.Build.0 = Debug|Any CPU
		{4904E4D5-E098-45CF-88A6-C8DF67E01B0C}.Release|Any CPU.ActiveCfg = Release|Any CPU
		{4904E4D5-E098-45CF-88A6-C8DF67E01B0C}.Release|Any CPU.Build.0 = Release|Any CPU
		{01D143AF-1826-41C4-ADAB-4D76A68F489C}.Debug|Any CPU.ActiveCfg = Debug|Any CPU
		{01D143AF-1826-41C4-ADAB-4D76A68F489C}.Debug|Any CPU.Build.0 = Debug|Any CPU
		{01D143AF-1826-41C4-ADAB-4D76A68F489C}.Release|Any CPU.ActiveCfg = Release|Any CPU
		{01D143AF-1826-41C4-ADAB-4D76A68F489C}.Release|Any CPU.Build.0 = Release|Any CPU
	EndGlobalSection
	GlobalSection(SolutionProperties) = preSolution
		HideSolutionNode = FALSE
	EndGlobalSection
	GlobalSection(NestedProjects) = preSolution
		{B177C7F6-620F-4036-ABD2-26F395CC4777} = {D9510F99-C832-487A-A067-4AB3EA05EC0B}
		{22245E3F-252B-45B8-B182-AAEAE5BBC43D} = {D666B505-5F44-45AC-A7C8-CFE50BD7EF06}
		{E1D4675D-1C61-4D8F-BB8E-7C31D1B35F7C} = {C876CFA7-A1B5-4339-9475-0964800678F3}
		{4904E4D5-E098-45CF-88A6-C8DF67E01B0C} = {FE77C4DA-E750-48DE-B31A-55DEDE107959}
		{01D143AF-1826-41C4-ADAB-4D76A68F489C} = {FE77C4DA-E750-48DE-B31A-55DEDE107959}
	EndGlobalSection
	GlobalSection(ExtensibilityGlobals) = postSolution
		SolutionGuid = {2DDEA6E8-1777-4470-BC1E-B3477A197AD3}
	EndGlobalSection
EndGlobal
